{
  "version": 4,
  "terraform_version": "1.12.2",
  "serial": 220,
  "lineage": "1826d8fe-36a7-c766-fa41-ec6b082ed04e",
  "outputs": {
    "codedeploy_apps": {
      "value": {
        "win2016": "codedeploy-win2016",
        "win2019": "codedeploy-win2019",
        "win2022": "codedeploy-win2022"
      },
      "type": [
        "object",
        {
          "win2016": "string",
          "win2019": "string",
          "win2022": "string"
        }
      ]
    },
    "codedeploy_groups": {
      "value": {
        "win2016": "win2016-group",
        "win2019": "win2019-group",
        "win2022": "win2022-group"
      },
      "type": [
        "object",
        {
          "win2016": "string",
          "win2019": "string",
          "win2022": "string"
        }
      ]
    },
    "deployment_package_bucket": {
      "value": "vpbdeployment-package-bucket",
      "type": "string"
    },
    "ec2_instance_ids": {
      "value": {
        "win2016": "i-0682c80fa5f1b9443",
        "win2019": "i-001012cb2567cd169",
        "win2022": "i-03700057bc313154b"
      },
      "type": [
        "object",
        {
          "win2016": "string",
          "win2019": "string",
          "win2022": "string"
        }
      ]
    },
    "key_name": {
      "value": "vpb-key",
      "type": "string"
    },
    "pipeline_names": {
      "value": {
        "win2016": "pipeline-win2016",
        "win2019": "pipeline-win2019",
        "win2022": "pipeline-win2022"
      },
      "type": [
        "object",
        {
          "win2016": "string",
          "win2019": "string",
          "win2022": "string"
        }
      ]
    },
    "private_key_path": {
      "value": "modules/keypair/vpb-key.pem",
      "type": "string"
    },
    "processed_bucket": {
      "value": "vpbprocessed-bucket",
      "type": "string"
    },
    "raw_bucket": {
      "value": "vpbraw-bucket",
      "type": "string"
    },
    "report_bucket": {
      "value": "vpbreport-bucket",
      "type": "string"
    }
  },
  "resources": [
    {
      "mode": "managed",
      "type": "aws_iam_instance_profile",
      "name": "ec2_instance_profile",
      "provider": "provider[\"registry.terraform.io/hashicorp/aws\"]",
      "instances": [
        {
          "schema_version": 0,
          "attributes": {
            "arn": "arn:aws:iam::767397942774:instance-profile/ec2_codedeploy_instance_profile",
            "create_date": "2025-07-06T14:45:51Z",
            "id": "ec2_codedeploy_instance_profile",
            "name": "ec2_codedeploy_instance_profile",
            "name_prefix": "",
            "path": "/",
            "role": "ec2_codedeploy_role",
            "tags": null,
            "tags_all": {},
            "unique_id": "AIPA3FLD3KX3OXYW7ZT7V"
          },
          "sensitive_attributes": [],
          "identity_schema_version": 0,
          "private": "bnVsbA==",
          "dependencies": [
            "aws_iam_role.ec2_codedeploy_role"
          ]
        }
      ]
    },
    {
      "mode": "managed",
      "type": "aws_iam_role",
      "name": "ec2_codedeploy_role",
      "provider": "provider[\"registry.terraform.io/hashicorp/aws\"]",
      "instances": [
        {
          "schema_version": 0,
          "attributes": {
            "arn": "arn:aws:iam::767397942774:role/ec2_codedeploy_role",
            "assume_role_policy": "{\"Statement\":[{\"Action\":\"sts:AssumeRole\",\"Effect\":\"Allow\",\"Principal\":{\"Service\":\"ec2.amazonaws.com\"}}],\"Version\":\"2012-10-17\"}",
            "create_date": "2025-07-06T14:45:50Z",
            "description": "",
            "force_detach_policies": false,
            "id": "ec2_codedeploy_role",
            "inline_policy": [],
            "managed_policy_arns": [],
            "max_session_duration": 3600,
            "name": "ec2_codedeploy_role",
            "name_prefix": "",
            "path": "/",
            "permissions_boundary": "",
            "tags": null,
            "tags_all": {},
            "unique_id": "AROA3FLD3KX3KQWDUIRI7"
          },
          "sensitive_attributes": [],
          "identity_schema_version": 0,
          "private": "bnVsbA=="
        }
      ]
    },
    {
      "mode": "managed",
      "type": "aws_iam_role_policy_attachment",
      "name": "attach_codedeploy",
      "provider": "provider[\"registry.terraform.io/hashicorp/aws\"]",
      "instances": [
        {
          "schema_version": 0,
          "attributes": {
            "id": "ec2_codedeploy_role-20250706144551676600000001",
            "policy_arn": "arn:aws:iam::aws:policy/service-role/AmazonEC2RoleforAWSCodeDeploy",
            "role": "ec2_codedeploy_role"
          },
          "sensitive_attributes": [],
          "identity_schema_version": 0,
          "private": "bnVsbA==",
          "dependencies": [
            "aws_iam_role.ec2_codedeploy_role"
          ]
        }
      ]
    },
    {
      "mode": "managed",
      "type": "aws_iam_role_policy_attachment",
      "name": "attach_s3",
      "provider": "provider[\"registry.terraform.io/hashicorp/aws\"]",
      "instances": [
        {
          "schema_version": 0,
          "attributes": {
            "id": "ec2_codedeploy_role-20250706144551686000000002",
            "policy_arn": "arn:aws:iam::aws:policy/AmazonS3ReadOnlyAccess",
            "role": "ec2_codedeploy_role"
          },
          "sensitive_attributes": [],
          "identity_schema_version": 0,
          "private": "bnVsbA==",
          "dependencies": [
            "aws_iam_role.ec2_codedeploy_role"
          ]
        }
      ]
    },
    {
      "module": "module.codepipeline",
      "mode": "data",
      "type": "aws_iam_policy_document",
      "name": "codedeploy_assume_role",
      "provider": "provider[\"registry.terraform.io/hashicorp/aws\"]",
      "instances": [
        {
          "schema_version": 0,
          "attributes": {
            "id": "4250039221",
            "json": "{\n  \"Version\": \"2012-10-17\",\n  \"Statement\": [\n    {\n      \"Effect\": \"Allow\",\n      \"Action\": \"sts:AssumeRole\",\n      \"Principal\": {\n        \"Service\": \"codedeploy.amazonaws.com\"\n      }\n    }\n  ]\n}",
            "minified_json": "{\"Version\":\"2012-10-17\",\"Statement\":[{\"Effect\":\"Allow\",\"Action\":\"sts:AssumeRole\",\"Principal\":{\"Service\":\"codedeploy.amazonaws.com\"}}]}",
            "override_json": null,
            "override_policy_documents": null,
            "policy_id": null,
            "source_json": null,
            "source_policy_documents": null,
            "statement": [
              {
                "actions": [
                  "sts:AssumeRole"
                ],
                "condition": [],
                "effect": "Allow",
                "not_actions": [],
                "not_principals": [],
                "not_resources": [],
                "principals": [
                  {
                    "identifiers": [
                      "codedeploy.amazonaws.com"
                    ],
                    "type": "Service"
                  }
                ],
                "resources": [],
                "sid": ""
              }
            ],
            "version": "2012-10-17"
          },
          "sensitive_attributes": [],
          "identity_schema_version": 0
        }
      ]
    },
    {
      "module": "module.codepipeline",
      "mode": "data",
      "type": "aws_iam_policy_document",
      "name": "codepipeline_assume_role",
      "provider": "provider[\"registry.terraform.io/hashicorp/aws\"]",
      "instances": [
        {
          "schema_version": 0,
          "attributes": {
            "id": "2245101310",
            "json": "{\n  \"Version\": \"2012-10-17\",\n  \"Statement\": [\n    {\n      \"Effect\": \"Allow\",\n      \"Action\": \"sts:AssumeRole\",\n      \"Principal\": {\n        \"Service\": \"codepipeline.amazonaws.com\"\n      }\n    }\n  ]\n}",
            "minified_json": "{\"Version\":\"2012-10-17\",\"Statement\":[{\"Effect\":\"Allow\",\"Action\":\"sts:AssumeRole\",\"Principal\":{\"Service\":\"codepipeline.amazonaws.com\"}}]}",
            "override_json": null,
            "override_policy_documents": null,
            "policy_id": null,
            "source_json": null,
            "source_policy_documents": null,
            "statement": [
              {
                "actions": [
                  "sts:AssumeRole"
                ],
                "condition": [],
                "effect": "Allow",
                "not_actions": [],
                "not_principals": [],
                "not_resources": [],
                "principals": [
                  {
                    "identifiers": [
                      "codepipeline.amazonaws.com"
                    ],
                    "type": "Service"
                  }
                ],
                "resources": [],
                "sid": ""
              }
            ],
            "version": "2012-10-17"
          },
          "sensitive_attributes": [],
          "identity_schema_version": 0
        }
      ]
    },
    {
      "module": "module.codepipeline",
      "mode": "managed",
      "type": "aws_codedeploy_app",
      "name": "apps",
      "provider": "provider[\"registry.terraform.io/hashicorp/aws\"]",
      "instances": [
        {
          "index_key": "win2016",
          "schema_version": 0,
          "attributes": {
            "application_id": "f1d4f8e9-0ed3-4a88-a17e-e8028fd625e4",
            "arn": "arn:aws:codedeploy:ap-southeast-1:767397942774:application:codedeploy-win2016",
            "compute_platform": "Server",
            "github_account_name": "",
            "id": "f1d4f8e9-0ed3-4a88-a17e-e8028fd625e4:codedeploy-win2016",
            "linked_to_github": false,
            "name": "codedeploy-win2016",
            "tags": null,
            "tags_all": {}
          },
          "sensitive_attributes": [],
          "identity_schema_version": 0,
          "private": "bnVsbA=="
        },
        {
          "index_key": "win2019",
          "schema_version": 0,
          "attributes": {
            "application_id": "f8423f40-2e41-4e4b-8005-8efc7f4c57a9",
            "arn": "arn:aws:codedeploy:ap-southeast-1:767397942774:application:codedeploy-win2019",
            "compute_platform": "Server",
            "github_account_name": "",
            "id": "f8423f40-2e41-4e4b-8005-8efc7f4c57a9:codedeploy-win2019",
            "linked_to_github": false,
            "name": "codedeploy-win2019",
            "tags": null,
            "tags_all": {}
          },
          "sensitive_attributes": [],
          "identity_schema_version": 0,
          "private": "bnVsbA=="
        },
        {
          "index_key": "win2022",
          "schema_version": 0,
          "attributes": {
            "application_id": "06b00442-0ee6-4236-b3e9-3a37725a91f9",
            "arn": "arn:aws:codedeploy:ap-southeast-1:767397942774:application:codedeploy-win2022",
            "compute_platform": "Server",
            "github_account_name": "",
            "id": "06b00442-0ee6-4236-b3e9-3a37725a91f9:codedeploy-win2022",
            "linked_to_github": false,
            "name": "codedeploy-win2022",
            "tags": null,
            "tags_all": {}
          },
          "sensitive_attributes": [],
          "identity_schema_version": 0,
          "private": "bnVsbA=="
        }
      ]
    },
    {
      "module": "module.codepipeline",
      "mode": "managed",
      "type": "aws_codedeploy_deployment_group",
      "name": "groups",
      "provider": "provider[\"registry.terraform.io/hashicorp/aws\"]",
      "instances": [
        {
          "index_key": "win2016",
          "schema_version": 0,
          "attributes": {
            "alarm_configuration": [],
            "app_name": "codedeploy-win2016",
            "arn": "arn:aws:codedeploy:ap-southeast-1:767397942774:deploymentgroup:codedeploy-win2016/win2016-group",
            "auto_rollback_configuration": [],
            "autoscaling_groups": null,
            "blue_green_deployment_config": [],
            "compute_platform": "Server",
            "deployment_config_name": "CodeDeployDefault.OneAtATime",
            "deployment_group_id": "2885c114-6b93-44ea-aadb-aa64030b2a08",
            "deployment_group_name": "win2016-group",
            "deployment_style": [
              {
                "deployment_option": "WITHOUT_TRAFFIC_CONTROL",
                "deployment_type": "IN_PLACE"
              }
            ],
            "ec2_tag_filter": [],
            "ec2_tag_set": [
              {
                "ec2_tag_filter": [
                  {
                    "key": "Name",
                    "type": "KEY_AND_VALUE",
                    "value": "Win2016"
                  }
                ]
              }
            ],
            "ecs_service": [],
            "id": "2885c114-6b93-44ea-aadb-aa64030b2a08",
            "load_balancer_info": [],
            "on_premises_instance_tag_filter": [],
            "outdated_instances_strategy": "UPDATE",
            "service_role_arn": "arn:aws:iam::767397942774:role/codedeploy_role",
            "tags": null,
            "tags_all": {},
            "termination_hook_enabled": false,
            "trigger_configuration": []
          },
          "sensitive_attributes": [],
          "identity_schema_version": 0,
          "private": "bnVsbA==",
          "dependencies": [
            "module.codepipeline.aws_codedeploy_app.apps",
            "module.codepipeline.aws_iam_role.codedeploy_role",
            "module.codepipeline.data.aws_iam_policy_document.codedeploy_assume_role"
          ]
        },
        {
          "index_key": "win2019",
          "schema_version": 0,
          "attributes": {
            "alarm_configuration": [],
            "app_name": "codedeploy-win2019",
            "arn": "arn:aws:codedeploy:ap-southeast-1:767397942774:deploymentgroup:codedeploy-win2019/win2019-group",
            "auto_rollback_configuration": [],
            "autoscaling_groups": null,
            "blue_green_deployment_config": [],
            "compute_platform": "Server",
            "deployment_config_name": "CodeDeployDefault.OneAtATime",
            "deployment_group_id": "be17bc98-c6f1-4ce7-b46d-f246d5ca9211",
            "deployment_group_name": "win2019-group",
            "deployment_style": [
              {
                "deployment_option": "WITHOUT_TRAFFIC_CONTROL",
                "deployment_type": "IN_PLACE"
              }
            ],
            "ec2_tag_filter": [],
            "ec2_tag_set": [
              {
                "ec2_tag_filter": [
                  {
                    "key": "Name",
                    "type": "KEY_AND_VALUE",
                    "value": "Win2019"
                  }
                ]
              }
            ],
            "ecs_service": [],
            "id": "be17bc98-c6f1-4ce7-b46d-f246d5ca9211",
            "load_balancer_info": [],
            "on_premises_instance_tag_filter": [],
            "outdated_instances_strategy": "UPDATE",
            "service_role_arn": "arn:aws:iam::767397942774:role/codedeploy_role",
            "tags": null,
            "tags_all": {},
            "termination_hook_enabled": false,
            "trigger_configuration": []
          },
          "sensitive_attributes": [],
          "identity_schema_version": 0,
          "private": "bnVsbA==",
          "dependencies": [
            "module.codepipeline.aws_codedeploy_app.apps",
            "module.codepipeline.aws_iam_role.codedeploy_role",
            "module.codepipeline.data.aws_iam_policy_document.codedeploy_assume_role"
          ]
        },
        {
          "index_key": "win2022",
          "schema_version": 0,
          "attributes": {
            "alarm_configuration": [],
            "app_name": "codedeploy-win2022",
            "arn": "arn:aws:codedeploy:ap-southeast-1:767397942774:deploymentgroup:codedeploy-win2022/win2022-group",
            "auto_rollback_configuration": [],
            "autoscaling_groups": null,
            "blue_green_deployment_config": [],
            "compute_platform": "Server",
            "deployment_config_name": "CodeDeployDefault.OneAtATime",
            "deployment_group_id": "6d48e318-4a90-4a4b-9769-22ba5daf91f0",
            "deployment_group_name": "win2022-group",
            "deployment_style": [
              {
                "deployment_option": "WITHOUT_TRAFFIC_CONTROL",
                "deployment_type": "IN_PLACE"
              }
            ],
            "ec2_tag_filter": [],
            "ec2_tag_set": [
              {
                "ec2_tag_filter": [
                  {
                    "key": "Name",
                    "type": "KEY_AND_VALUE",
                    "value": "Win2022"
                  }
                ]
              }
            ],
            "ecs_service": [],
            "id": "6d48e318-4a90-4a4b-9769-22ba5daf91f0",
            "load_balancer_info": [],
            "on_premises_instance_tag_filter": [],
            "outdated_instances_strategy": "UPDATE",
            "service_role_arn": "arn:aws:iam::767397942774:role/codedeploy_role",
            "tags": null,
            "tags_all": {},
            "termination_hook_enabled": false,
            "trigger_configuration": []
          },
          "sensitive_attributes": [],
          "identity_schema_version": 0,
          "private": "bnVsbA==",
          "dependencies": [
            "module.codepipeline.aws_codedeploy_app.apps",
            "module.codepipeline.aws_iam_role.codedeploy_role",
            "module.codepipeline.data.aws_iam_policy_document.codedeploy_assume_role"
          ]
        }
      ]
    },
    {
      "module": "module.codepipeline",
      "mode": "managed",
      "type": "aws_codepipeline",
      "name": "pipelines",
      "provider": "provider[\"registry.terraform.io/hashicorp/aws\"]",
      "instances": [
        {
          "index_key": "win2016",
          "schema_version": 0,
          "attributes": {
            "arn": "arn:aws:codepipeline:ap-southeast-1:767397942774:pipeline-win2016",
            "artifact_store": [
              {
                "encryption_key": [],
                "location": "vpbdeployment-package-bucket",
                "region": "",
                "type": "S3"
              }
            ],
            "execution_mode": "SUPERSEDED",
            "id": "pipeline-win2016",
            "name": "pipeline-win2016",
            "pipeline_type": "V1",
            "role_arn": "arn:aws:iam::767397942774:role/codepipeline_role",
            "stage": [
              {
                "action": [
                  {
                    "category": "Source",
                    "configuration": {
                      "S3Bucket": "vpbdeployment-package-bucket",
                      "S3ObjectKey": "win2016.zip"
                    },
                    "input_artifacts": null,
                    "name": "Source",
                    "namespace": "",
                    "output_artifacts": [
                      "source_output"
                    ],
                    "owner": "AWS",
                    "provider": "S3",
                    "region": "",
                    "role_arn": "",
                    "run_order": 1,
                    "timeout_in_minutes": 0,
                    "version": "1"
                  }
                ],
                "before_entry": [],
                "name": "Source",
                "on_failure": [],
                "on_success": []
              },
              {
                "action": [
                  {
                    "category": "Deploy",
                    "configuration": {
                      "ApplicationName": "codedeploy-win2016",
                      "DeploymentGroupName": "win2016-group"
                    },
                    "input_artifacts": [
                      "source_output"
                    ],
                    "name": "Deploy",
                    "namespace": "",
                    "output_artifacts": null,
                    "owner": "AWS",
                    "provider": "CodeDeploy",
                    "region": "",
                    "role_arn": "",
                    "run_order": 1,
                    "timeout_in_minutes": 0,
                    "version": "1"
                  }
                ],
                "before_entry": [],
                "name": "Deploy",
                "on_failure": [],
                "on_success": []
              }
            ],
            "tags": null,
            "tags_all": {},
            "trigger": [],
            "trigger_all": [],
            "variable": []
          },
          "sensitive_attributes": [],
          "identity_schema_version": 0,
          "private": "bnVsbA==",
          "dependencies": [
            "module.codepipeline.aws_codedeploy_app.apps",
            "module.codepipeline.aws_codedeploy_deployment_group.groups",
            "module.codepipeline.aws_iam_role.codedeploy_role",
            "module.codepipeline.aws_iam_role.codepipeline_role",
            "module.codepipeline.data.aws_iam_policy_document.codedeploy_assume_role",
            "module.codepipeline.data.aws_iam_policy_document.codepipeline_assume_role",
            "module.s3.aws_s3_bucket.deployment_package"
          ]
        },
        {
          "index_key": "win2019",
          "schema_version": 0,
          "attributes": {
            "arn": "arn:aws:codepipeline:ap-southeast-1:767397942774:pipeline-win2019",
            "artifact_store": [
              {
                "encryption_key": [],
                "location": "vpbdeployment-package-bucket",
                "region": "",
                "type": "S3"
              }
            ],
            "execution_mode": "SUPERSEDED",
            "id": "pipeline-win2019",
            "name": "pipeline-win2019",
            "pipeline_type": "V1",
            "role_arn": "arn:aws:iam::767397942774:role/codepipeline_role",
            "stage": [
              {
                "action": [
                  {
                    "category": "Source",
                    "configuration": {
                      "S3Bucket": "vpbdeployment-package-bucket",
                      "S3ObjectKey": "win2019.zip"
                    },
                    "input_artifacts": null,
                    "name": "Source",
                    "namespace": "",
                    "output_artifacts": [
                      "source_output"
                    ],
                    "owner": "AWS",
                    "provider": "S3",
                    "region": "",
                    "role_arn": "",
                    "run_order": 1,
                    "timeout_in_minutes": 0,
                    "version": "1"
                  }
                ],
                "before_entry": [],
                "name": "Source",
                "on_failure": [],
                "on_success": []
              },
              {
                "action": [
                  {
                    "category": "Deploy",
                    "configuration": {
                      "ApplicationName": "codedeploy-win2019",
                      "DeploymentGroupName": "win2019-group"
                    },
                    "input_artifacts": [
                      "source_output"
                    ],
                    "name": "Deploy",
                    "namespace": "",
                    "output_artifacts": null,
                    "owner": "AWS",
                    "provider": "CodeDeploy",
                    "region": "",
                    "role_arn": "",
                    "run_order": 1,
                    "timeout_in_minutes": 0,
                    "version": "1"
                  }
                ],
                "before_entry": [],
                "name": "Deploy",
                "on_failure": [],
                "on_success": []
              }
            ],
            "tags": null,
            "tags_all": {},
            "trigger": [],
            "trigger_all": [],
            "variable": []
          },
          "sensitive_attributes": [],
          "identity_schema_version": 0,
          "private": "bnVsbA==",
          "dependencies": [
            "module.codepipeline.aws_codedeploy_app.apps",
            "module.codepipeline.aws_codedeploy_deployment_group.groups",
            "module.codepipeline.aws_iam_role.codedeploy_role",
            "module.codepipeline.aws_iam_role.codepipeline_role",
            "module.codepipeline.data.aws_iam_policy_document.codedeploy_assume_role",
            "module.codepipeline.data.aws_iam_policy_document.codepipeline_assume_role",
            "module.s3.aws_s3_bucket.deployment_package"
          ]
        },
        {
          "index_key": "win2022",
          "schema_version": 0,
          "attributes": {
            "arn": "arn:aws:codepipeline:ap-southeast-1:767397942774:pipeline-win2022",
            "artifact_store": [
              {
                "encryption_key": [],
                "location": "vpbdeployment-package-bucket",
                "region": "",
                "type": "S3"
              }
            ],
            "execution_mode": "SUPERSEDED",
            "id": "pipeline-win2022",
            "name": "pipeline-win2022",
            "pipeline_type": "V1",
            "role_arn": "arn:aws:iam::767397942774:role/codepipeline_role",
            "stage": [
              {
                "action": [
                  {
                    "category": "Source",
                    "configuration": {
                      "S3Bucket": "vpbdeployment-package-bucket",
                      "S3ObjectKey": "win2022.zip"
                    },
                    "input_artifacts": null,
                    "name": "Source",
                    "namespace": "",
                    "output_artifacts": [
                      "source_output"
                    ],
                    "owner": "AWS",
                    "provider": "S3",
                    "region": "",
                    "role_arn": "",
                    "run_order": 1,
                    "timeout_in_minutes": 0,
                    "version": "1"
                  }
                ],
                "before_entry": [],
                "name": "Source",
                "on_failure": [],
                "on_success": []
              },
              {
                "action": [
                  {
                    "category": "Deploy",
                    "configuration": {
                      "ApplicationName": "codedeploy-win2022",
                      "DeploymentGroupName": "win2022-group"
                    },
                    "input_artifacts": [
                      "source_output"
                    ],
                    "name": "Deploy",
                    "namespace": "",
                    "output_artifacts": null,
                    "owner": "AWS",
                    "provider": "CodeDeploy",
                    "region": "",
                    "role_arn": "",
                    "run_order": 1,
                    "timeout_in_minutes": 0,
                    "version": "1"
                  }
                ],
                "before_entry": [],
                "name": "Deploy",
                "on_failure": [],
                "on_success": []
              }
            ],
            "tags": null,
            "tags_all": {},
            "trigger": [],
            "trigger_all": [],
            "variable": []
          },
          "sensitive_attributes": [],
          "identity_schema_version": 0,
          "private": "bnVsbA==",
          "dependencies": [
            "module.codepipeline.aws_codedeploy_app.apps",
            "module.codepipeline.aws_codedeploy_deployment_group.groups",
            "module.codepipeline.aws_iam_role.codedeploy_role",
            "module.codepipeline.aws_iam_role.codepipeline_role",
            "module.codepipeline.data.aws_iam_policy_document.codedeploy_assume_role",
            "module.codepipeline.data.aws_iam_policy_document.codepipeline_assume_role",
            "module.s3.aws_s3_bucket.deployment_package"
          ]
        }
      ]
    },
    {
      "module": "module.codepipeline",
      "mode": "managed",
      "type": "aws_iam_role",
      "name": "codedeploy_role",
      "provider": "provider[\"registry.terraform.io/hashicorp/aws\"]",
      "instances": [
        {
          "schema_version": 0,
          "attributes": {
            "arn": "arn:aws:iam::767397942774:role/codedeploy_role",
            "assume_role_policy": "{\"Statement\":[{\"Action\":\"sts:AssumeRole\",\"Effect\":\"Allow\",\"Principal\":{\"Service\":\"codedeploy.amazonaws.com\"}}],\"Version\":\"2012-10-17\"}",
            "create_date": "2025-07-06T14:45:50Z",
            "description": "",
            "force_detach_policies": false,
            "id": "codedeploy_role",
            "inline_policy": [],
            "managed_policy_arns": [],
            "max_session_duration": 3600,
            "name": "codedeploy_role",
            "name_prefix": "",
            "path": "/",
            "permissions_boundary": "",
            "tags": null,
            "tags_all": {},
            "unique_id": "AROA3FLD3KX3MBZCKQXBB"
          },
          "sensitive_attributes": [],
          "identity_schema_version": 0,
          "private": "bnVsbA==",
          "dependencies": [
            "module.codepipeline.data.aws_iam_policy_document.codedeploy_assume_role"
          ]
        }
      ]
    },
    {
      "module": "module.codepipeline",
      "mode": "managed",
      "type": "aws_iam_role",
      "name": "codepipeline_role",
      "provider": "provider[\"registry.terraform.io/hashicorp/aws\"]",
      "instances": [
        {
          "schema_version": 0,
          "attributes": {
            "arn": "arn:aws:iam::767397942774:role/codepipeline_role",
            "assume_role_policy": "{\"Statement\":[{\"Action\":\"sts:AssumeRole\",\"Effect\":\"Allow\",\"Principal\":{\"Service\":\"codepipeline.amazonaws.com\"}}],\"Version\":\"2012-10-17\"}",
            "create_date": "2025-07-06T14:45:49Z",
            "description": "",
            "force_detach_policies": false,
            "id": "codepipeline_role",
            "inline_policy": [],
            "managed_policy_arns": [],
            "max_session_duration": 3600,
            "name": "codepipeline_role",
            "name_prefix": "",
            "path": "/",
            "permissions_boundary": "",
            "tags": null,
            "tags_all": {},
            "unique_id": "AROA3FLD3KX3BDOG5KK5D"
          },
          "sensitive_attributes": [],
          "identity_schema_version": 0,
          "private": "bnVsbA==",
          "dependencies": [
            "module.codepipeline.data.aws_iam_policy_document.codepipeline_assume_role"
          ]
        }
      ]
    },
    {
      "module": "module.codepipeline",
      "mode": "managed",
      "type": "aws_iam_role_policy_attachment",
      "name": "codedeploy_policy",
      "provider": "provider[\"registry.terraform.io/hashicorp/aws\"]",
      "instances": [
        {
          "schema_version": 0,
          "attributes": {
            "id": "codedeploy_role-20250706144551995400000003",
            "policy_arn": "arn:aws:iam::aws:policy/service-role/AWSCodeDeployRole",
            "role": "codedeploy_role"
          },
          "sensitive_attributes": [],
          "identity_schema_version": 0,
          "private": "bnVsbA==",
          "dependencies": [
            "module.codepipeline.aws_iam_role.codedeploy_role",
            "module.codepipeline.data.aws_iam_policy_document.codedeploy_assume_role"
          ]
        }
      ]
    },
    {
      "module": "module.codepipeline",
      "mode": "managed",
      "type": "aws_iam_role_policy_attachment",
      "name": "codepipeline_policy",
      "provider": "provider[\"registry.terraform.io/hashicorp/aws\"]",
      "instances": [
        {
          "schema_version": 0,
          "attributes": {
            "id": "codepipeline_role-20250706144552372000000004",
            "policy_arn": "arn:aws:iam::aws:policy/AWSCodePipeline_FullAccess",
            "role": "codepipeline_role"
          },
          "sensitive_attributes": [],
          "identity_schema_version": 0,
          "private": "bnVsbA==",
          "dependencies": [
            "module.codepipeline.aws_iam_role.codepipeline_role",
            "module.codepipeline.data.aws_iam_policy_document.codepipeline_assume_role"
          ]
        }
      ]
    },
    {
      "module": "module.ec2",
      "mode": "managed",
      "type": "aws_instance",
      "name": "servers",
      "provider": "provider[\"registry.terraform.io/hashicorp/aws\"]",
      "instances": [
        {
          "index_key": "win2016",
          "schema_version": 1,
          "attributes": {
            "ami": "ami-0696be2e6d8c0e89a",
            "arn": "arn:aws:ec2:ap-southeast-1:767397942774:instance/i-0682c80fa5f1b9443",
            "associate_public_ip_address": true,
            "availability_zone": "ap-southeast-1b",
            "capacity_reservation_specification": [
              {
                "capacity_reservation_preference": "open",
                "capacity_reservation_target": []
              }
            ],
            "cpu_core_count": 2,
            "cpu_options": [
              {
                "amd_sev_snp": "",
                "core_count": 2,
                "threads_per_core": 1
              }
            ],
            "cpu_threads_per_core": 1,
            "credit_specification": [
              {
                "cpu_credits": "standard"
              }
            ],
            "disable_api_stop": false,
            "disable_api_termination": false,
            "ebs_block_device": [],
            "ebs_optimized": false,
            "enable_primary_ipv6": null,
            "enclave_options": [
              {
                "enabled": false
              }
            ],
            "ephemeral_block_device": [],
            "get_password_data": false,
            "hibernation": false,
            "host_id": "",
            "host_resource_group_arn": null,
            "iam_instance_profile": "ec2_codedeploy_instance_profile",
            "id": "i-0682c80fa5f1b9443",
            "instance_initiated_shutdown_behavior": "stop",
            "instance_lifecycle": "",
            "instance_market_options": [],
            "instance_state": "running",
            "instance_type": "t2.large",
            "ipv6_address_count": 0,
            "ipv6_addresses": [],
            "key_name": "vpb-key",
            "launch_template": [],
            "maintenance_options": [
              {
                "auto_recovery": "default"
              }
            ],
            "metadata_options": [
              {
                "http_endpoint": "enabled",
                "http_protocol_ipv6": "disabled",
                "http_put_response_hop_limit": 1,
                "http_tokens": "optional",
                "instance_metadata_tags": "disabled"
              }
            ],
            "monitoring": false,
            "network_interface": [],
            "outpost_arn": "",
            "password_data": "",
            "placement_group": "",
            "placement_partition_number": 0,
            "primary_network_interface_id": "eni-0d8de5f869553e373",
            "private_dns": "ip-172-31-38-235.ap-southeast-1.compute.internal",
            "private_dns_name_options": [
              {
                "enable_resource_name_dns_a_record": false,
                "enable_resource_name_dns_aaaa_record": false,
                "hostname_type": "ip-name"
              }
            ],
            "private_ip": "172.31.38.235",
            "public_dns": "ec2-13-229-227-167.ap-southeast-1.compute.amazonaws.com",
            "public_ip": "13.229.227.167",
            "root_block_device": [
              {
                "delete_on_termination": true,
                "device_name": "/dev/sda1",
                "encrypted": false,
                "iops": 100,
                "kms_key_id": "",
                "tags": {},
                "tags_all": {},
                "throughput": 0,
                "volume_id": "vol-063cf5ff16e1994d6",
                "volume_size": 30,
                "volume_type": "gp2"
              }
            ],
            "secondary_private_ips": [],
            "security_groups": [
              "default"
            ],
            "source_dest_check": true,
            "spot_instance_request_id": "",
            "subnet_id": "subnet-07c3f8724c6ac22ac",
            "tags": {
              "Env": "winver16",
              "Name": "Win2016"
            },
            "tags_all": {
              "Env": "winver16",
              "Name": "Win2016"
            },
            "tenancy": "default",
            "timeouts": null,
            "user_data": "d204040638c264a2ef8d33422aafe894ada1bfc3",
            "user_data_base64": null,
            "user_data_replace_on_change": false,
            "volume_tags": null,
            "vpc_security_group_ids": [
              "sg-09b143a13f43f6ae3"
            ]
          },
          "sensitive_attributes": [],
          "identity_schema_version": 0,
          "private": "eyJlMmJmYjczMC1lY2FhLTExZTYtOGY4OC0zNDM2M2JjN2M0YzAiOnsiY3JlYXRlIjo2MDAwMDAwMDAwMDAsImRlbGV0ZSI6MTIwMDAwMDAwMDAwMCwicmVhZCI6OTAwMDAwMDAwMDAwLCJ1cGRhdGUiOjYwMDAwMDAwMDAwMH0sInNjaGVtYV92ZXJzaW9uIjoiMSJ9",
          "dependencies": [
            "aws_iam_instance_profile.ec2_instance_profile",
            "aws_iam_role.ec2_codedeploy_role",
            "module.keypair.aws_key_pair.this",
            "module.keypair.tls_private_key.this"
          ]
        },
        {
          "index_key": "win2019",
          "schema_version": 1,
          "attributes": {
            "ami": "ami-02f42821304e17830",
            "arn": "arn:aws:ec2:ap-southeast-1:767397942774:instance/i-001012cb2567cd169",
            "associate_public_ip_address": true,
            "availability_zone": "ap-southeast-1b",
            "capacity_reservation_specification": [
              {
                "capacity_reservation_preference": "open",
                "capacity_reservation_target": []
              }
            ],
            "cpu_core_count": 2,
            "cpu_options": [
              {
                "amd_sev_snp": "",
                "core_count": 2,
                "threads_per_core": 1
              }
            ],
            "cpu_threads_per_core": 1,
            "credit_specification": [
              {
                "cpu_credits": "standard"
              }
            ],
            "disable_api_stop": false,
            "disable_api_termination": false,
            "ebs_block_device": [],
            "ebs_optimized": false,
            "enable_primary_ipv6": null,
            "enclave_options": [
              {
                "enabled": false
              }
            ],
            "ephemeral_block_device": [],
            "get_password_data": false,
            "hibernation": false,
            "host_id": "",
            "host_resource_group_arn": null,
            "iam_instance_profile": "ec2_codedeploy_instance_profile",
            "id": "i-001012cb2567cd169",
            "instance_initiated_shutdown_behavior": "stop",
            "instance_lifecycle": "",
            "instance_market_options": [],
            "instance_state": "running",
            "instance_type": "t2.large",
            "ipv6_address_count": 0,
            "ipv6_addresses": [],
            "key_name": "vpb-key",
            "launch_template": [],
            "maintenance_options": [
              {
                "auto_recovery": "default"
              }
            ],
            "metadata_options": [
              {
                "http_endpoint": "enabled",
                "http_protocol_ipv6": "disabled",
                "http_put_response_hop_limit": 1,
                "http_tokens": "optional",
                "instance_metadata_tags": "disabled"
              }
            ],
            "monitoring": false,
            "network_interface": [],
            "outpost_arn": "",
            "password_data": "",
            "placement_group": "",
            "placement_partition_number": 0,
            "primary_network_interface_id": "eni-03dc8f9bdd33ead31",
            "private_dns": "ip-172-31-36-115.ap-southeast-1.compute.internal",
            "private_dns_name_options": [
              {
                "enable_resource_name_dns_a_record": false,
                "enable_resource_name_dns_aaaa_record": false,
                "hostname_type": "ip-name"
              }
            ],
            "private_ip": "172.31.36.115",
            "public_dns": "ec2-13-229-108-183.ap-southeast-1.compute.amazonaws.com",
            "public_ip": "13.229.108.183",
            "root_block_device": [
              {
                "delete_on_termination": true,
                "device_name": "/dev/sda1",
                "encrypted": false,
                "iops": 100,
                "kms_key_id": "",
                "tags": {},
                "tags_all": {},
                "throughput": 0,
                "volume_id": "vol-05148c9d90a5f9344",
                "volume_size": 30,
                "volume_type": "gp2"
              }
            ],
            "secondary_private_ips": [],
            "security_groups": [
              "default"
            ],
            "source_dest_check": true,
            "spot_instance_request_id": "",
            "subnet_id": "subnet-07c3f8724c6ac22ac",
            "tags": {
              "Env": "winver19",
              "Name": "Win2019"
            },
            "tags_all": {
              "Env": "winver19",
              "Name": "Win2019"
            },
            "tenancy": "default",
            "timeouts": null,
            "user_data": "d204040638c264a2ef8d33422aafe894ada1bfc3",
            "user_data_base64": null,
            "user_data_replace_on_change": false,
            "volume_tags": null,
            "vpc_security_group_ids": [
              "sg-09b143a13f43f6ae3"
            ]
          },
          "sensitive_attributes": [],
          "identity_schema_version": 0,
          "private": "eyJlMmJmYjczMC1lY2FhLTExZTYtOGY4OC0zNDM2M2JjN2M0YzAiOnsiY3JlYXRlIjo2MDAwMDAwMDAwMDAsImRlbGV0ZSI6MTIwMDAwMDAwMDAwMCwicmVhZCI6OTAwMDAwMDAwMDAwLCJ1cGRhdGUiOjYwMDAwMDAwMDAwMH0sInNjaGVtYV92ZXJzaW9uIjoiMSJ9",
          "dependencies": [
            "aws_iam_instance_profile.ec2_instance_profile",
            "aws_iam_role.ec2_codedeploy_role",
            "module.keypair.aws_key_pair.this",
            "module.keypair.tls_private_key.this"
          ]
        },
        {
          "index_key": "win2022",
          "schema_version": 1,
          "attributes": {
            "ami": "ami-04a9b7f1b67bebd6f",
            "arn": "arn:aws:ec2:ap-southeast-1:767397942774:instance/i-03700057bc313154b",
            "associate_public_ip_address": true,
            "availability_zone": "ap-southeast-1b",
            "capacity_reservation_specification": [
              {
                "capacity_reservation_preference": "open",
                "capacity_reservation_target": []
              }
            ],
            "cpu_core_count": 2,
            "cpu_options": [
              {
                "amd_sev_snp": "",
                "core_count": 2,
                "threads_per_core": 1
              }
            ],
            "cpu_threads_per_core": 1,
            "credit_specification": [
              {
                "cpu_credits": "standard"
              }
            ],
            "disable_api_stop": false,
            "disable_api_termination": false,
            "ebs_block_device": [],
            "ebs_optimized": false,
            "enable_primary_ipv6": null,
            "enclave_options": [
              {
                "enabled": false
              }
            ],
            "ephemeral_block_device": [],
            "get_password_data": false,
            "hibernation": false,
            "host_id": "",
            "host_resource_group_arn": null,
            "iam_instance_profile": "ec2_codedeploy_instance_profile",
            "id": "i-03700057bc313154b",
            "instance_initiated_shutdown_behavior": "stop",
            "instance_lifecycle": "",
            "instance_market_options": [],
            "instance_state": "running",
            "instance_type": "t2.large",
            "ipv6_address_count": 0,
            "ipv6_addresses": [],
            "key_name": "vpb-key",
            "launch_template": [],
            "maintenance_options": [
              {
                "auto_recovery": "default"
              }
            ],
            "metadata_options": [
              {
                "http_endpoint": "enabled",
                "http_protocol_ipv6": "disabled",
                "http_put_response_hop_limit": 1,
                "http_tokens": "optional",
                "instance_metadata_tags": "disabled"
              }
            ],
            "monitoring": false,
            "network_interface": [],
            "outpost_arn": "",
            "password_data": "",
            "placement_group": "",
            "placement_partition_number": 0,
            "primary_network_interface_id": "eni-089f9765c4f1a2ed4",
            "private_dns": "ip-172-31-38-17.ap-southeast-1.compute.internal",
            "private_dns_name_options": [
              {
                "enable_resource_name_dns_a_record": false,
                "enable_resource_name_dns_aaaa_record": false,
                "hostname_type": "ip-name"
              }
            ],
            "private_ip": "172.31.38.17",
            "public_dns": "ec2-54-169-31-20.ap-southeast-1.compute.amazonaws.com",
            "public_ip": "54.169.31.20",
            "root_block_device": [
              {
                "delete_on_termination": true,
                "device_name": "/dev/sda1",
                "encrypted": false,
                "iops": 100,
                "kms_key_id": "",
                "tags": {},
                "tags_all": {},
                "throughput": 0,
                "volume_id": "vol-054d94aec66866c5f",
                "volume_size": 30,
                "volume_type": "gp2"
              }
            ],
            "secondary_private_ips": [],
            "security_groups": [
              "default"
            ],
            "source_dest_check": true,
            "spot_instance_request_id": "",
            "subnet_id": "subnet-07c3f8724c6ac22ac",
            "tags": {
              "Env": "winver22",
              "Name": "Win2022"
            },
            "tags_all": {
              "Env": "winver22",
              "Name": "Win2022"
            },
            "tenancy": "default",
            "timeouts": null,
            "user_data": "d204040638c264a2ef8d33422aafe894ada1bfc3",
            "user_data_base64": null,
            "user_data_replace_on_change": false,
            "volume_tags": null,
            "vpc_security_group_ids": [
              "sg-09b143a13f43f6ae3"
            ]
          },
          "sensitive_attributes": [],
          "identity_schema_version": 0,
          "private": "eyJlMmJmYjczMC1lY2FhLTExZTYtOGY4OC0zNDM2M2JjN2M0YzAiOnsiY3JlYXRlIjo2MDAwMDAwMDAwMDAsImRlbGV0ZSI6MTIwMDAwMDAwMDAwMCwicmVhZCI6OTAwMDAwMDAwMDAwLCJ1cGRhdGUiOjYwMDAwMDAwMDAwMH0sInNjaGVtYV92ZXJzaW9uIjoiMSJ9",
          "dependencies": [
            "aws_iam_instance_profile.ec2_instance_profile",
            "aws_iam_role.ec2_codedeploy_role",
            "module.keypair.aws_key_pair.this",
            "module.keypair.tls_private_key.this"
          ]
        }
      ]
    },
    {
      "module": "module.keypair",
      "mode": "managed",
      "type": "aws_key_pair",
      "name": "this",
      "provider": "provider[\"registry.terraform.io/hashicorp/aws\"]",
      "instances": [
        {
          "schema_version": 1,
          "attributes": {
            "arn": "arn:aws:ec2:ap-southeast-1:767397942774:key-pair/vpb-key",
            "fingerprint": "f3:63:50:d6:1b:e5:ea:4b:3e:aa:17:f5:cd:de:27:36",
            "id": "vpb-key",
            "key_name": "vpb-key",
            "key_name_prefix": "",
            "key_pair_id": "key-0a64c3950bb89bb42",
            "key_type": "rsa",
            "public_key": "ssh-rsa AAAAB3NzaC1yc2EAAAADAQABAAACAQC03I765XKgcfDhiu1pQvSNoVNgLyq/gulAu2DCJ2fCFuqjrMLsKmJNoDhBkBz6mH1A2k75ZEQFcFaS2fbiRl5V+UYzxYnm3+R/yAKwX2rx6gqhkr/8/sbD6tfe+DXyFFc6AwMx5ZRb8hqlKgqJvAd7xMzhDsZWtQZla8HUrkJwEe4Pt4+vOpbDV+dTBCbEmSoHuN+nEKNH7D1A6cxa181PGJ4rVa0DmJ6gcSsq8qHxohbE83+obEZ6UceaYnlBvZ5HwyznN8l81PU0YoCgXEbIJ7N1M0NdQugBYkYeNLVIVxbVhz5CxdnzcWriksIiTwiK062kvT5fuR+VBtt2igTzYnHk756XhGeJtutjhiImDGrGt9qKqzHBV/xWU1HhKrqcQY9UcD40L7I7mbLVR9srhlWsRKFVWv6xj0AhEM1zopUI8MKbeyOmB5T+Wkef6EYIT7LIKvawvKqGYRbuM40qNJsh9iMqZNV6XCfMmJWsOKo0dLqYZyxdUrM1u2ryy68z3IsgdgrpostOz7sgyLvxSnZrID7u57D9JIWx1eVqEodgkjGlcdWa7OtD7yi4H8xsOvhty1PJMXX7cDXihytRbISPU6eikH3JKC078GA9j6382ONOfIuGi6wBK1ABvczBY8rpkV0syjUyqiM3Ee2zkgtZiTaSh/E5KodBCdjJmQ==",
            "tags": null,
            "tags_all": {}
          },
          "sensitive_attributes": [],
          "identity_schema_version": 0,
          "private": "eyJzY2hlbWFfdmVyc2lvbiI6IjEifQ==",
          "dependencies": [
            "module.keypair.tls_private_key.this"
          ]
        }
      ]
    },
    {
      "module": "module.keypair",
      "mode": "managed",
      "type": "local_file",
      "name": "private_key_pem",
      "provider": "provider[\"registry.terraform.io/hashicorp/local\"]",
      "instances": [
        {
          "schema_version": 0,
          "attributes": {
            "content": "-----BEGIN RSA PRIVATE KEY-----\nMIIJKQIBAAKCAgEAtNyO+uVyoHHw4YrtaUL0jaFTYC8qv4LpQLtgwidnwhbqo6zC\n7CpiTaA4QZAc+ph9QNpO+WREBXBWktn24kZeVflGM8WJ5t/kf8gCsF9q8eoKoZK/\n/P7Gw+rX3vg18hRXOgMDMeWUW/IapSoKibwHe8TM4Q7GVrUGZWvB1K5CcBHuD7eP\nrzqWw1fnUwQmxJkqB7jfpxCjR+w9QOnMWtfNTxieK1WtA5ieoHErKvKh8aIWxPN/\nqGxGelHHmmJ5Qb2eR8Ms5zfJfNT1NGKAoFxGyCezdTNDXULoAWJGHjS1SFcW1Yc+\nQsXZ83Fq4pLCIk8IitOtpL0+X7kflQbbdooE82Jx5O+el4RnibbrY4YiJgxqxrfa\niqsxwVf8VlNR4Sq6nEGPVHA+NC+yO5my1UfbK4ZVrEShVVr+sY9AIRDNc6KVCPDC\nm3sjpgeU/lpHn+hGCE+yyCr2sLyqhmEW7jONKjSbIfYjKmTVelwnzJiVrDiqNHS6\nmGcsXVKzNbtq8suvM9yLIHYK6aLLTs+7IMi78Up2ayA+7uew/SSFsdXlahKHYJIx\npXHVmuzrQ+8ouB/MbDr4bctTyTF1+3A14ocrUWyEj1OnopB9ySgtO/BgPY+t/Njj\nTnyLhousAStQAb3MwWPK6ZFdLMo1MqojNxHts5ILWYk2kofxOSqHQQnYyZkCAwEA\nAQKCAgBQcYeA7dwxo+xFjTLyri6y7g31CpWjb9lKiu1K/hbm26WKnlVmkKV/rGNJ\nOg3BomCXn2IgB+o/VwuSrrLiSvU7nS+N6G9hSrVJ5o7XnuEk73nCCtEs+K80xfg1\nOsZXwZdYfK2HnHsD+GfEjbH5ODJF6S9NbPJn74WER80DSWzQhxERWY5lnJQhF7CS\nmpaZvBxXKfIET2CopVlLTZIw16qAY006rhVRs6jeaOeP5zKDlJo3CKz/nwUr88Lp\nlqIjTPEhLx0CTKxoQxo7LhLTAKgU75+g4ee1DATAVNMmLUByiBXmbIyTS4gZARnO\n5ALIGsoMYYFq9CdRkTgMY2vqyhHP5cpdqP6EniR8FYUoHVG6xoh2HzHBxckUr4LC\nl9BAOIF6KtuCy9GgNLkxY/j5USbZZXhR0dqSCebfY7CK0M34UQqubLryL6jXsa6e\nXblEGv9n8WHUyvKnvBEsaa3sA0elmmGK9ob0Edssjd5xOpTJF0jsoWwFSZ6LH9PI\njlWCQ5eDj273Gq9YpSdHCwkaYJlNhAudOj2QEHXhAcq+bL5HiG/DnQRhCbTG8PEH\nCzXgglcQeYf+q1fpV2/WetKwTDW2BCWrqJ3PvX0Otu06jtwe10GY+nePWT6hdNy7\nz/sNLGADjANxVpWKvZpdb+o0n3vmOxkMhr7AhTOr+x0RwOE2JwKCAQEA0++2U6Q1\noOgs5emlnjecy9B+VmnuHj+/x9mzEGLBPP7f1VXRfQbEDBMepd+JdQDhiHr0Kvbv\njXKxjCs5wCLnOOsLj+d1pg+Emr7dIhbodsp6hm38cycAke+aFp/cfZhE3w5fAJyK\nO1oQ2mVvK52Dk3FhJQN0SGi4JBkw1TTRcf9axvT+KHCibetDnBL1aF99yxzv+KP5\nkJvt/1BvzMuv7HoVxjfFo0y8WuwykxFOehPlKtDgiG4f1n92XKgA3h6m5ZizyGnS\nCJdcivPX2yPIj6/qgRb9MDSVt7VMpK3w1PTsnPMkTr11IYeMjO+juWE08PtmyZa7\n66AleF2qhpYKKwKCAQEA2nbkkRzembiGTvTKhryick3YMsoQZc3JwUk2j+h0Sg4/\nq+UU1+QdmrOohzzYBxsh/6GCNMFwYsbVp4bSwu4r1WRrxLUqPpkNWTtItMZnX2U2\nUPUagY37T5GBfHAbhfJb2Mqbo9sCdtElVpOex25zWxy/xse/IZJZFZ3kpksP4sWf\nVRG1psUX6e6XBbBi1J6rNZpzQZyQFrQ65bbQDe7xEkIkyNLDASK0F7zyJ3JTQ4MQ\nAB5Goqii0pbzkdMnwdwDt5Cdj2rvWYkgxA9gYoO5RlW+UDAak8wNFKuLbD0w6bX9\nPJHguOjWCj+2KCo42e38NjtXLjM0A+piPhByAm7tSwKCAQEAloJwS2oco87+w7Bw\na7I26g+BCUFlV5oSSo1yOzrG3NhsgYbWpSG+7IxPgaEEb1FW2aPn7vM7IIrJSDAS\nbT7cUnGp3mKUDICMvZC6XlFCecpFxV4qoGScZQdxuIuC/La8gmQkV7zT9l56BX9v\nudu862LjiHOxixLDYu943JEMBRdBknW+YV3MHJ+tfhOAsMTQAwTj7wIUY/w4ws6O\n9zPYFeqFuCU3eEcwpKmFKShrQQsL/qIkMv9yINSYbCjrpNLD193gH333KR7FG/Eb\n5Ia/EjvuIAsBd9CAWtyoN3NHyxS9TKDnsfueSVeIGza8YRSFknYXgyZHAojS025B\ngh7fzQKCAQEAj3EXPKy/ACHnlfom7Hb5FqJEPXztbVrEiTPgLndLu8BFUEF3ARYX\n1hb2pe1uTqQjG6zZSHhmqYSyjm/4/OLTRybLl/n4BegKmrdRUtke0MUs99UnlT87\nbpA0fBdECxwJ8Ht/3AOWR5ulr4X38Cx2c7GZvhQzTADCm23zzrhkctqddobNRfYN\ncJ0m7iZVjhOsiOKjoMYC2dV3ApOZYjysbvedHXs9bQZzR07ZlMr9Hsv0eo9mg7DE\nUA+rV+lUJnamviWnPp7RD3H5YKJT//tLcIImFpKvMLH/OL42Kli3QA0tfFKwQdkn\niM0ydobak0UuoBEwefZGxfdkkCnOIgjhpwKCAQAPJZGpLFXAwpZ/EbnhGP+aO5wL\n1oRjnqyj3N++hcRms4wtB6msBEpgjUQ1EIYy6iaBEfxDTTcGoL0l5/T1GviUoOgw\nROCEm1UfuSBb0GZ510CsVUAhVs33Fmn2JcKm2G5LoYHna7gFrmJfC7GsS1+ux+nW\nKmNAUN7buUrYoAjYNrt/A+GCDurp1jxd+Hy3WwhFn9OGBppELs7CEF2l8YczlOfa\n+KUuz1VwBJngbTTAA1KnC6C6BYRokNSqCQjXxSTNGskwhcDPyZa5tiv9qr9j6i5M\nxULNWBzoID/S8X1IGfIYOHdgi+ocOCrFV/HqdqNoa7g3r034lD1tcP/7FCqL\n-----END RSA PRIVATE KEY-----\n",
            "content_base64": null,
            "content_base64sha256": "B4pw3a+ZctTKWTDQKrGhQhtekegh4JarqjjOArgRm1s=",
            "content_base64sha512": "32HBxs75PZUSXQ5NbjDDmQNnKXKQzEA4sWvwqK6Mi3vA8mQx7i4Oodyccyllq4r8aKgjuuFyhj/Wka6EAT4EBA==",
            "content_md5": "4ef2b31e80dd785ef34b671f0a01e140",
            "content_sha1": "1387c37c2ebbecaafb21a5a3049a9680e4e1b7fe",
            "content_sha256": "078a70ddaf9972d4ca5930d02ab1a1421b5e91e821e096abaa38ce02b8119b5b",
            "content_sha512": "df61c1c6cef93d95125d0e4d6e30c3990367297290cc4038b16bf0a8ae8c8b7bc0f26431ee2e0ea1dc9c732965ab8afc68a823bae172863fd691ae84013e0404",
            "directory_permission": "0777",
            "file_permission": "0777",
            "filename": "modules/keypair/vpb-key.pem",
            "id": "1387c37c2ebbecaafb21a5a3049a9680e4e1b7fe",
            "sensitive_content": null,
            "source": null
          },
          "sensitive_attributes": [
            [
              {
                "type": "get_attr",
                "value": "content"
              }
            ],
            [
              {
                "type": "get_attr",
                "value": "sensitive_content"
              }
            ]
          ],
          "identity_schema_version": 0,
          "dependencies": [
            "module.keypair.tls_private_key.this"
          ]
        }
      ]
    },
    {
      "module": "module.keypair",
      "mode": "managed",
      "type": "tls_private_key",
      "name": "this",
      "provider": "provider[\"registry.terraform.io/hashicorp/tls\"]",
      "instances": [
        {
          "schema_version": 1,
          "attributes": {
            "algorithm": "RSA",
            "ecdsa_curve": "P224",
            "id": "b1eaf8102a52198a29feb9ce636c0679ff1104c5",
            "private_key_openssh": "-----BEGIN OPENSSH PRIVATE KEY-----\nb3BlbnNzaC1rZXktdjEAAAAABG5vbmUAAAAEbm9uZQAAAAAAAAABAAACFwAAAAdz\nc2gtcnNhAAAAAwEAAQAAAgEAtNyO+uVyoHHw4YrtaUL0jaFTYC8qv4LpQLtgwidn\nwhbqo6zC7CpiTaA4QZAc+ph9QNpO+WREBXBWktn24kZeVflGM8WJ5t/kf8gCsF9q\n8eoKoZK//P7Gw+rX3vg18hRXOgMDMeWUW/IapSoKibwHe8TM4Q7GVrUGZWvB1K5C\ncBHuD7ePrzqWw1fnUwQmxJkqB7jfpxCjR+w9QOnMWtfNTxieK1WtA5ieoHErKvKh\n8aIWxPN/qGxGelHHmmJ5Qb2eR8Ms5zfJfNT1NGKAoFxGyCezdTNDXULoAWJGHjS1\nSFcW1Yc+QsXZ83Fq4pLCIk8IitOtpL0+X7kflQbbdooE82Jx5O+el4RnibbrY4Yi\nJgxqxrfaiqsxwVf8VlNR4Sq6nEGPVHA+NC+yO5my1UfbK4ZVrEShVVr+sY9AIRDN\nc6KVCPDCm3sjpgeU/lpHn+hGCE+yyCr2sLyqhmEW7jONKjSbIfYjKmTVelwnzJiV\nrDiqNHS6mGcsXVKzNbtq8suvM9yLIHYK6aLLTs+7IMi78Up2ayA+7uew/SSFsdXl\nahKHYJIxpXHVmuzrQ+8ouB/MbDr4bctTyTF1+3A14ocrUWyEj1OnopB9ySgtO/Bg\nPY+t/NjjTnyLhousAStQAb3MwWPK6ZFdLMo1MqojNxHts5ILWYk2kofxOSqHQQnY\nyZkAAAc4HUnp3B1J6dwAAAAHc3NoLXJzYQAAAgEAtNyO+uVyoHHw4YrtaUL0jaFT\nYC8qv4LpQLtgwidnwhbqo6zC7CpiTaA4QZAc+ph9QNpO+WREBXBWktn24kZeVflG\nM8WJ5t/kf8gCsF9q8eoKoZK//P7Gw+rX3vg18hRXOgMDMeWUW/IapSoKibwHe8TM\n4Q7GVrUGZWvB1K5CcBHuD7ePrzqWw1fnUwQmxJkqB7jfpxCjR+w9QOnMWtfNTxie\nK1WtA5ieoHErKvKh8aIWxPN/qGxGelHHmmJ5Qb2eR8Ms5zfJfNT1NGKAoFxGyCez\ndTNDXULoAWJGHjS1SFcW1Yc+QsXZ83Fq4pLCIk8IitOtpL0+X7kflQbbdooE82Jx\n5O+el4RnibbrY4YiJgxqxrfaiqsxwVf8VlNR4Sq6nEGPVHA+NC+yO5my1UfbK4ZV\nrEShVVr+sY9AIRDNc6KVCPDCm3sjpgeU/lpHn+hGCE+yyCr2sLyqhmEW7jONKjSb\nIfYjKmTVelwnzJiVrDiqNHS6mGcsXVKzNbtq8suvM9yLIHYK6aLLTs+7IMi78Up2\nayA+7uew/SSFsdXlahKHYJIxpXHVmuzrQ+8ouB/MbDr4bctTyTF1+3A14ocrUWyE\nj1OnopB9ySgtO/BgPY+t/NjjTnyLhousAStQAb3MwWPK6ZFdLMo1MqojNxHts5IL\nWYk2kofxOSqHQQnYyZkAAAADAQABAAACAFBxh4Dt3DGj7EWNMvKuLrLuDfUKlaNv\n2UqK7Ur+FubbpYqeVWaQpX+sY0k6DcGiYJefYiAH6j9XC5KusuJK9TudL43ob2FK\ntUnmjtee4STvecIK0Sz4rzTF+DU6xlfBl1h8rYecewP4Z8SNsfk4MkXpL01s8mfv\nhYRHzQNJbNCHERFZjmWclCEXsJKalpm8HFcp8gRPYKilWUtNkjDXqoBjTTquFVGz\nqN5o54/nMoOUmjcIrP+fBSvzwumWoiNM8SEvHQJMrGhDGjsuEtMAqBTvn6Dh57UM\nBMBU0yYtQHKIFeZsjJNLiBkBGc7kAsgaygxhgWr0J1GROAxja+rKEc/lyl2o/oSe\nJHwVhSgdUbrGiHYfMcHFyRSvgsKX0EA4gXoq24LL0aA0uTFj+PlRJtlleFHR2pIJ\n5t9jsIrQzfhRCq5suvIvqNexrp5duUQa/2fxYdTK8qe8ESxprewDR6WaYYr2hvQR\n2yyN3nE6lMkXSOyhbAVJnosf08iOVYJDl4OPbvcar1ilJ0cLCRpgmU2EC506PZAQ\ndeEByr5svkeIb8OdBGEJtMbw8QcLNeCCVxB5h/6rV+lXb9Z60rBMNbYEJauonc+9\nfQ627TqO3B7XQZj6d49ZPqF03LvP+w0sYAOMA3FWlYq9ml1v6jSfe+Y7GQyGvsCF\nM6v7HRHA4TYnAAABAA8lkaksVcDCln8RueEY/5o7nAvWhGOerKPc376FxGazjC0H\nqawESmCNRDUQhjLqJoER/ENNNwagvSXn9PUa+JSg6DBE4ISbVR+5IFvQZnnXQKxV\nQCFWzfcWafYlwqbYbkuhgedruAWuYl8LsaxLX67H6dYqY0BQ3tu5StigCNg2u38D\n4YIO6unWPF34fLdbCEWf04YGmkQuzsIQXaXxhzOU59r4pS7PVXAEmeBtNMADUqcL\noLoFhGiQ1KoJCNfFJM0ayTCFwM/Jlrm2K/2qv2PqLkzFQs1YHOggP9LxfUgZ8hg4\nd2CL6hw4KsVX8ep2o2hruDevTfiUPW1w//sUKosAAAEBANPvtlOkNaDoLOXppZ43\nnMvQflZp7h4/v8fZsxBiwTz+39VV0X0GxAwTHqXfiXUA4Yh69Cr2741ysYwrOcAi\n5zjrC4/ndaYPhJq+3SIW6HbKeoZt/HMnAJHvmhaf3H2YRN8OXwCcijtaENplbyud\ng5NxYSUDdEhouCQZMNU00XH/Wsb0/ihwom3rQ5wS9Whffcsc7/ij+ZCb7f9Qb8zL\nr+x6FcY3xaNMvFrsMpMRTnoT5SrQ4IhuH9Z/dlyoAN4epuWYs8hp0giXXIrz19sj\nyI+v6oEW/TA0lbe1TKSt8NT07JzzJE69dSGHjIzvo7lhNPD7ZsmWu+ugJXhdqoaW\nCisAAAEBANp25JEc3pm4hk70yoa8onJN2DLKEGXNycFJNo/odEoOP6vlFNfkHZqz\nqIc82AcbIf+hgjTBcGLG1aeG0sLuK9Vka8S1Kj6ZDVk7SLTGZ19lNlD1GoGN+0+R\ngXxwG4XyW9jKm6PbAnbRJVaTnsduc1scv8bHvyGSWRWd5KZLD+LFn1URtabFF+nu\nlwWwYtSeqzWac0GckBa0OuW20A3u8RJCJMjSwwEitBe88idyU0ODEAAeRqKootKW\n85HTJ8HcA7eQnY9q71mJIMQPYGKDuUZVvlAwGpPMDRSri2w9MOm1/TyR4Ljo1go/\ntigqONnt/DY7Vy4zNAPqYj4QcgJu7UsAAAAAAQID\n-----END OPENSSH PRIVATE KEY-----\n",
            "private_key_pem": "-----BEGIN RSA PRIVATE KEY-----\nMIIJKQIBAAKCAgEAtNyO+uVyoHHw4YrtaUL0jaFTYC8qv4LpQLtgwidnwhbqo6zC\n7CpiTaA4QZAc+ph9QNpO+WREBXBWktn24kZeVflGM8WJ5t/kf8gCsF9q8eoKoZK/\n/P7Gw+rX3vg18hRXOgMDMeWUW/IapSoKibwHe8TM4Q7GVrUGZWvB1K5CcBHuD7eP\nrzqWw1fnUwQmxJkqB7jfpxCjR+w9QOnMWtfNTxieK1WtA5ieoHErKvKh8aIWxPN/\nqGxGelHHmmJ5Qb2eR8Ms5zfJfNT1NGKAoFxGyCezdTNDXULoAWJGHjS1SFcW1Yc+\nQsXZ83Fq4pLCIk8IitOtpL0+X7kflQbbdooE82Jx5O+el4RnibbrY4YiJgxqxrfa\niqsxwVf8VlNR4Sq6nEGPVHA+NC+yO5my1UfbK4ZVrEShVVr+sY9AIRDNc6KVCPDC\nm3sjpgeU/lpHn+hGCE+yyCr2sLyqhmEW7jONKjSbIfYjKmTVelwnzJiVrDiqNHS6\nmGcsXVKzNbtq8suvM9yLIHYK6aLLTs+7IMi78Up2ayA+7uew/SSFsdXlahKHYJIx\npXHVmuzrQ+8ouB/MbDr4bctTyTF1+3A14ocrUWyEj1OnopB9ySgtO/BgPY+t/Njj\nTnyLhousAStQAb3MwWPK6ZFdLMo1MqojNxHts5ILWYk2kofxOSqHQQnYyZkCAwEA\nAQKCAgBQcYeA7dwxo+xFjTLyri6y7g31CpWjb9lKiu1K/hbm26WKnlVmkKV/rGNJ\nOg3BomCXn2IgB+o/VwuSrrLiSvU7nS+N6G9hSrVJ5o7XnuEk73nCCtEs+K80xfg1\nOsZXwZdYfK2HnHsD+GfEjbH5ODJF6S9NbPJn74WER80DSWzQhxERWY5lnJQhF7CS\nmpaZvBxXKfIET2CopVlLTZIw16qAY006rhVRs6jeaOeP5zKDlJo3CKz/nwUr88Lp\nlqIjTPEhLx0CTKxoQxo7LhLTAKgU75+g4ee1DATAVNMmLUByiBXmbIyTS4gZARnO\n5ALIGsoMYYFq9CdRkTgMY2vqyhHP5cpdqP6EniR8FYUoHVG6xoh2HzHBxckUr4LC\nl9BAOIF6KtuCy9GgNLkxY/j5USbZZXhR0dqSCebfY7CK0M34UQqubLryL6jXsa6e\nXblEGv9n8WHUyvKnvBEsaa3sA0elmmGK9ob0Edssjd5xOpTJF0jsoWwFSZ6LH9PI\njlWCQ5eDj273Gq9YpSdHCwkaYJlNhAudOj2QEHXhAcq+bL5HiG/DnQRhCbTG8PEH\nCzXgglcQeYf+q1fpV2/WetKwTDW2BCWrqJ3PvX0Otu06jtwe10GY+nePWT6hdNy7\nz/sNLGADjANxVpWKvZpdb+o0n3vmOxkMhr7AhTOr+x0RwOE2JwKCAQEA0++2U6Q1\noOgs5emlnjecy9B+VmnuHj+/x9mzEGLBPP7f1VXRfQbEDBMepd+JdQDhiHr0Kvbv\njXKxjCs5wCLnOOsLj+d1pg+Emr7dIhbodsp6hm38cycAke+aFp/cfZhE3w5fAJyK\nO1oQ2mVvK52Dk3FhJQN0SGi4JBkw1TTRcf9axvT+KHCibetDnBL1aF99yxzv+KP5\nkJvt/1BvzMuv7HoVxjfFo0y8WuwykxFOehPlKtDgiG4f1n92XKgA3h6m5ZizyGnS\nCJdcivPX2yPIj6/qgRb9MDSVt7VMpK3w1PTsnPMkTr11IYeMjO+juWE08PtmyZa7\n66AleF2qhpYKKwKCAQEA2nbkkRzembiGTvTKhryick3YMsoQZc3JwUk2j+h0Sg4/\nq+UU1+QdmrOohzzYBxsh/6GCNMFwYsbVp4bSwu4r1WRrxLUqPpkNWTtItMZnX2U2\nUPUagY37T5GBfHAbhfJb2Mqbo9sCdtElVpOex25zWxy/xse/IZJZFZ3kpksP4sWf\nVRG1psUX6e6XBbBi1J6rNZpzQZyQFrQ65bbQDe7xEkIkyNLDASK0F7zyJ3JTQ4MQ\nAB5Goqii0pbzkdMnwdwDt5Cdj2rvWYkgxA9gYoO5RlW+UDAak8wNFKuLbD0w6bX9\nPJHguOjWCj+2KCo42e38NjtXLjM0A+piPhByAm7tSwKCAQEAloJwS2oco87+w7Bw\na7I26g+BCUFlV5oSSo1yOzrG3NhsgYbWpSG+7IxPgaEEb1FW2aPn7vM7IIrJSDAS\nbT7cUnGp3mKUDICMvZC6XlFCecpFxV4qoGScZQdxuIuC/La8gmQkV7zT9l56BX9v\nudu862LjiHOxixLDYu943JEMBRdBknW+YV3MHJ+tfhOAsMTQAwTj7wIUY/w4ws6O\n9zPYFeqFuCU3eEcwpKmFKShrQQsL/qIkMv9yINSYbCjrpNLD193gH333KR7FG/Eb\n5Ia/EjvuIAsBd9CAWtyoN3NHyxS9TKDnsfueSVeIGza8YRSFknYXgyZHAojS025B\ngh7fzQKCAQEAj3EXPKy/ACHnlfom7Hb5FqJEPXztbVrEiTPgLndLu8BFUEF3ARYX\n1hb2pe1uTqQjG6zZSHhmqYSyjm/4/OLTRybLl/n4BegKmrdRUtke0MUs99UnlT87\nbpA0fBdECxwJ8Ht/3AOWR5ulr4X38Cx2c7GZvhQzTADCm23zzrhkctqddobNRfYN\ncJ0m7iZVjhOsiOKjoMYC2dV3ApOZYjysbvedHXs9bQZzR07ZlMr9Hsv0eo9mg7DE\nUA+rV+lUJnamviWnPp7RD3H5YKJT//tLcIImFpKvMLH/OL42Kli3QA0tfFKwQdkn\niM0ydobak0UuoBEwefZGxfdkkCnOIgjhpwKCAQAPJZGpLFXAwpZ/EbnhGP+aO5wL\n1oRjnqyj3N++hcRms4wtB6msBEpgjUQ1EIYy6iaBEfxDTTcGoL0l5/T1GviUoOgw\nROCEm1UfuSBb0GZ510CsVUAhVs33Fmn2JcKm2G5LoYHna7gFrmJfC7GsS1+ux+nW\nKmNAUN7buUrYoAjYNrt/A+GCDurp1jxd+Hy3WwhFn9OGBppELs7CEF2l8YczlOfa\n+KUuz1VwBJngbTTAA1KnC6C6BYRokNSqCQjXxSTNGskwhcDPyZa5tiv9qr9j6i5M\nxULNWBzoID/S8X1IGfIYOHdgi+ocOCrFV/HqdqNoa7g3r034lD1tcP/7FCqL\n-----END RSA PRIVATE KEY-----\n",
            "private_key_pem_pkcs8": "-----BEGIN PRIVATE KEY-----\nMIIJQwIBADANBgkqhkiG9w0BAQEFAASCCS0wggkpAgEAAoICAQC03I765XKgcfDh\niu1pQvSNoVNgLyq/gulAu2DCJ2fCFuqjrMLsKmJNoDhBkBz6mH1A2k75ZEQFcFaS\n2fbiRl5V+UYzxYnm3+R/yAKwX2rx6gqhkr/8/sbD6tfe+DXyFFc6AwMx5ZRb8hql\nKgqJvAd7xMzhDsZWtQZla8HUrkJwEe4Pt4+vOpbDV+dTBCbEmSoHuN+nEKNH7D1A\n6cxa181PGJ4rVa0DmJ6gcSsq8qHxohbE83+obEZ6UceaYnlBvZ5HwyznN8l81PU0\nYoCgXEbIJ7N1M0NdQugBYkYeNLVIVxbVhz5CxdnzcWriksIiTwiK062kvT5fuR+V\nBtt2igTzYnHk756XhGeJtutjhiImDGrGt9qKqzHBV/xWU1HhKrqcQY9UcD40L7I7\nmbLVR9srhlWsRKFVWv6xj0AhEM1zopUI8MKbeyOmB5T+Wkef6EYIT7LIKvawvKqG\nYRbuM40qNJsh9iMqZNV6XCfMmJWsOKo0dLqYZyxdUrM1u2ryy68z3IsgdgrpostO\nz7sgyLvxSnZrID7u57D9JIWx1eVqEodgkjGlcdWa7OtD7yi4H8xsOvhty1PJMXX7\ncDXihytRbISPU6eikH3JKC078GA9j6382ONOfIuGi6wBK1ABvczBY8rpkV0syjUy\nqiM3Ee2zkgtZiTaSh/E5KodBCdjJmQIDAQABAoICAFBxh4Dt3DGj7EWNMvKuLrLu\nDfUKlaNv2UqK7Ur+FubbpYqeVWaQpX+sY0k6DcGiYJefYiAH6j9XC5KusuJK9Tud\nL43ob2FKtUnmjtee4STvecIK0Sz4rzTF+DU6xlfBl1h8rYecewP4Z8SNsfk4MkXp\nL01s8mfvhYRHzQNJbNCHERFZjmWclCEXsJKalpm8HFcp8gRPYKilWUtNkjDXqoBj\nTTquFVGzqN5o54/nMoOUmjcIrP+fBSvzwumWoiNM8SEvHQJMrGhDGjsuEtMAqBTv\nn6Dh57UMBMBU0yYtQHKIFeZsjJNLiBkBGc7kAsgaygxhgWr0J1GROAxja+rKEc/l\nyl2o/oSeJHwVhSgdUbrGiHYfMcHFyRSvgsKX0EA4gXoq24LL0aA0uTFj+PlRJtll\neFHR2pIJ5t9jsIrQzfhRCq5suvIvqNexrp5duUQa/2fxYdTK8qe8ESxprewDR6Wa\nYYr2hvQR2yyN3nE6lMkXSOyhbAVJnosf08iOVYJDl4OPbvcar1ilJ0cLCRpgmU2E\nC506PZAQdeEByr5svkeIb8OdBGEJtMbw8QcLNeCCVxB5h/6rV+lXb9Z60rBMNbYE\nJauonc+9fQ627TqO3B7XQZj6d49ZPqF03LvP+w0sYAOMA3FWlYq9ml1v6jSfe+Y7\nGQyGvsCFM6v7HRHA4TYnAoIBAQDT77ZTpDWg6Czl6aWeN5zL0H5Wae4eP7/H2bMQ\nYsE8/t/VVdF9BsQMEx6l34l1AOGIevQq9u+NcrGMKznAIuc46wuP53WmD4Savt0i\nFuh2ynqGbfxzJwCR75oWn9x9mETfDl8AnIo7WhDaZW8rnYOTcWElA3RIaLgkGTDV\nNNFx/1rG9P4ocKJt60OcEvVoX33LHO/4o/mQm+3/UG/My6/sehXGN8WjTLxa7DKT\nEU56E+Uq0OCIbh/Wf3ZcqADeHqblmLPIadIIl1yK89fbI8iPr+qBFv0wNJW3tUyk\nrfDU9Oyc8yROvXUhh4yM76O5YTTw+2bJlrvroCV4XaqGlgorAoIBAQDaduSRHN6Z\nuIZO9MqGvKJyTdgyyhBlzcnBSTaP6HRKDj+r5RTX5B2as6iHPNgHGyH/oYI0wXBi\nxtWnhtLC7ivVZGvEtSo+mQ1ZO0i0xmdfZTZQ9RqBjftPkYF8cBuF8lvYypuj2wJ2\n0SVWk57HbnNbHL/Gx78hklkVneSmSw/ixZ9VEbWmxRfp7pcFsGLUnqs1mnNBnJAW\ntDrlttAN7vESQiTI0sMBIrQXvPInclNDgxAAHkaiqKLSlvOR0yfB3AO3kJ2Pau9Z\niSDED2Big7lGVb5QMBqTzA0Uq4tsPTDptf08keC46NYKP7YoKjjZ7fw2O1cuMzQD\n6mI+EHICbu1LAoIBAQCWgnBLahyjzv7DsHBrsjbqD4EJQWVXmhJKjXI7Osbc2GyB\nhtalIb7sjE+BoQRvUVbZo+fu8zsgislIMBJtPtxScaneYpQMgIy9kLpeUUJ5ykXF\nXiqgZJxlB3G4i4L8tryCZCRXvNP2XnoFf2+527zrYuOIc7GLEsNi73jckQwFF0GS\ndb5hXcwcn61+E4CwxNADBOPvAhRj/DjCzo73M9gV6oW4JTd4RzCkqYUpKGtBCwv+\noiQy/3Ig1JhsKOuk0sPX3eAfffcpHsUb8Rvkhr8SO+4gCwF30IBa3Kg3c0fLFL1M\noOex+55JV4gbNrxhFIWSdheDJkcCiNLTbkGCHt/NAoIBAQCPcRc8rL8AIeeV+ibs\ndvkWokQ9fO1tWsSJM+Aud0u7wEVQQXcBFhfWFval7W5OpCMbrNlIeGaphLKOb/j8\n4tNHJsuX+fgF6Aqat1FS2R7QxSz31SeVPztukDR8F0QLHAnwe3/cA5ZHm6Wvhffw\nLHZzsZm+FDNMAMKbbfPOuGRy2p12hs1F9g1wnSbuJlWOE6yI4qOgxgLZ1XcCk5li\nPKxu950dez1tBnNHTtmUyv0ey/R6j2aDsMRQD6tX6VQmdqa+Jac+ntEPcflgolP/\n+0twgiYWkq8wsf84vjYqWLdADS18UrBB2SeIzTJ2htqTRS6gETB59kbF92SQKc4i\nCOGnAoIBAA8lkaksVcDCln8RueEY/5o7nAvWhGOerKPc376FxGazjC0HqawESmCN\nRDUQhjLqJoER/ENNNwagvSXn9PUa+JSg6DBE4ISbVR+5IFvQZnnXQKxVQCFWzfcW\nafYlwqbYbkuhgedruAWuYl8LsaxLX67H6dYqY0BQ3tu5StigCNg2u38D4YIO6unW\nPF34fLdbCEWf04YGmkQuzsIQXaXxhzOU59r4pS7PVXAEmeBtNMADUqcLoLoFhGiQ\n1KoJCNfFJM0ayTCFwM/Jlrm2K/2qv2PqLkzFQs1YHOggP9LxfUgZ8hg4d2CL6hw4\nKsVX8ep2o2hruDevTfiUPW1w//sUKos=\n-----END PRIVATE KEY-----\n",
            "public_key_fingerprint_md5": "41:f3:79:cf:d9:c7:c0:15:0c:83:7e:6f:01:00:e3:16",
            "public_key_fingerprint_sha256": "SHA256:znjyT06chnDDltS9T43rLIc/TOujtysfO2hPmqgvUEM",
            "public_key_openssh": "ssh-rsa AAAAB3NzaC1yc2EAAAADAQABAAACAQC03I765XKgcfDhiu1pQvSNoVNgLyq/gulAu2DCJ2fCFuqjrMLsKmJNoDhBkBz6mH1A2k75ZEQFcFaS2fbiRl5V+UYzxYnm3+R/yAKwX2rx6gqhkr/8/sbD6tfe+DXyFFc6AwMx5ZRb8hqlKgqJvAd7xMzhDsZWtQZla8HUrkJwEe4Pt4+vOpbDV+dTBCbEmSoHuN+nEKNH7D1A6cxa181PGJ4rVa0DmJ6gcSsq8qHxohbE83+obEZ6UceaYnlBvZ5HwyznN8l81PU0YoCgXEbIJ7N1M0NdQugBYkYeNLVIVxbVhz5CxdnzcWriksIiTwiK062kvT5fuR+VBtt2igTzYnHk756XhGeJtutjhiImDGrGt9qKqzHBV/xWU1HhKrqcQY9UcD40L7I7mbLVR9srhlWsRKFVWv6xj0AhEM1zopUI8MKbeyOmB5T+Wkef6EYIT7LIKvawvKqGYRbuM40qNJsh9iMqZNV6XCfMmJWsOKo0dLqYZyxdUrM1u2ryy68z3IsgdgrpostOz7sgyLvxSnZrID7u57D9JIWx1eVqEodgkjGlcdWa7OtD7yi4H8xsOvhty1PJMXX7cDXihytRbISPU6eikH3JKC078GA9j6382ONOfIuGi6wBK1ABvczBY8rpkV0syjUyqiM3Ee2zkgtZiTaSh/E5KodBCdjJmQ==\n",
            "public_key_pem": "-----BEGIN PUBLIC KEY-----\nMIICIjANBgkqhkiG9w0BAQEFAAOCAg8AMIICCgKCAgEAtNyO+uVyoHHw4YrtaUL0\njaFTYC8qv4LpQLtgwidnwhbqo6zC7CpiTaA4QZAc+ph9QNpO+WREBXBWktn24kZe\nVflGM8WJ5t/kf8gCsF9q8eoKoZK//P7Gw+rX3vg18hRXOgMDMeWUW/IapSoKibwH\ne8TM4Q7GVrUGZWvB1K5CcBHuD7ePrzqWw1fnUwQmxJkqB7jfpxCjR+w9QOnMWtfN\nTxieK1WtA5ieoHErKvKh8aIWxPN/qGxGelHHmmJ5Qb2eR8Ms5zfJfNT1NGKAoFxG\nyCezdTNDXULoAWJGHjS1SFcW1Yc+QsXZ83Fq4pLCIk8IitOtpL0+X7kflQbbdooE\n82Jx5O+el4RnibbrY4YiJgxqxrfaiqsxwVf8VlNR4Sq6nEGPVHA+NC+yO5my1Ufb\nK4ZVrEShVVr+sY9AIRDNc6KVCPDCm3sjpgeU/lpHn+hGCE+yyCr2sLyqhmEW7jON\nKjSbIfYjKmTVelwnzJiVrDiqNHS6mGcsXVKzNbtq8suvM9yLIHYK6aLLTs+7IMi7\n8Up2ayA+7uew/SSFsdXlahKHYJIxpXHVmuzrQ+8ouB/MbDr4bctTyTF1+3A14ocr\nUWyEj1OnopB9ySgtO/BgPY+t/NjjTnyLhousAStQAb3MwWPK6ZFdLMo1MqojNxHt\ns5ILWYk2kofxOSqHQQnYyZkCAwEAAQ==\n-----END PUBLIC KEY-----\n",
            "rsa_bits": 4096
          },
          "sensitive_attributes": [
            [
              {
                "type": "get_attr",
                "value": "private_key_openssh"
              }
            ],
            [
              {
                "type": "get_attr",
                "value": "private_key_pem"
              }
            ],
            [
              {
                "type": "get_attr",
                "value": "private_key_pem_pkcs8"
              }
            ]
          ],
          "identity_schema_version": 0
        }
      ]
    },
    {
      "module": "module.s3",
      "mode": "managed",
      "type": "aws_s3_bucket",
      "name": "deployment_package",
      "provider": "provider[\"registry.terraform.io/hashicorp/aws\"]",
      "instances": [
        {
          "schema_version": 0,
          "attributes": {
            "acceleration_status": "",
            "acl": null,
            "arn": "arn:aws:s3:::vpbdeployment-package-bucket",
            "bucket": "vpbdeployment-package-bucket",
            "bucket_domain_name": "vpbdeployment-package-bucket.s3.amazonaws.com",
            "bucket_prefix": "",
            "bucket_regional_domain_name": "vpbdeployment-package-bucket.s3.ap-southeast-1.amazonaws.com",
            "cors_rule": [],
            "force_destroy": false,
            "grant": [
              {
                "id": "0b4c47926ab7141813a37cc85e36a1af70c781d6e53401370905d0b2a69a8635",
                "permissions": [
                  "FULL_CONTROL"
                ],
                "type": "CanonicalUser",
                "uri": ""
              }
            ],
            "hosted_zone_id": "Z3O0J2DXBE1FTB",
            "id": "vpbdeployment-package-bucket",
            "lifecycle_rule": [],
            "logging": [],
            "object_lock_configuration": [],
            "object_lock_enabled": false,
            "policy": "",
            "region": "ap-southeast-1",
            "replication_configuration": [],
            "request_payer": "BucketOwner",
            "server_side_encryption_configuration": [
              {
                "rule": [
                  {
                    "apply_server_side_encryption_by_default": [
                      {
                        "kms_master_key_id": "",
                        "sse_algorithm": "AES256"
                      }
                    ],
                    "bucket_key_enabled": false
                  }
                ]
              }
            ],
            "tags": null,
            "tags_all": {},
            "timeouts": null,
            "versioning": [
              {
                "enabled": false,
                "mfa_delete": false
              }
            ],
            "website": [],
            "website_domain": null,
            "website_endpoint": null
          },
          "sensitive_attributes": [],
          "identity_schema_version": 0,
          "private": "eyJlMmJmYjczMC1lY2FhLTExZTYtOGY4OC0zNDM2M2JjN2M0YzAiOnsiY3JlYXRlIjoxMjAwMDAwMDAwMDAwLCJkZWxldGUiOjM2MDAwMDAwMDAwMDAsInJlYWQiOjEyMDAwMDAwMDAwMDAsInVwZGF0ZSI6MTIwMDAwMDAwMDAwMH19"
        }
      ]
    },
    {
      "module": "module.s3",
      "mode": "managed",
      "type": "aws_s3_bucket",
      "name": "processed",
      "provider": "provider[\"registry.terraform.io/hashicorp/aws\"]",
      "instances": [
        {
          "schema_version": 0,
          "attributes": {
            "acceleration_status": "",
            "acl": null,
            "arn": "arn:aws:s3:::vpbprocessed-bucket",
            "bucket": "vpbprocessed-bucket",
            "bucket_domain_name": "vpbprocessed-bucket.s3.amazonaws.com",
            "bucket_prefix": "",
            "bucket_regional_domain_name": "vpbprocessed-bucket.s3.ap-southeast-1.amazonaws.com",
            "cors_rule": [],
            "force_destroy": false,
            "grant": [
              {
                "id": "0b4c47926ab7141813a37cc85e36a1af70c781d6e53401370905d0b2a69a8635",
                "permissions": [
                  "FULL_CONTROL"
                ],
                "type": "CanonicalUser",
                "uri": ""
              }
            ],
            "hosted_zone_id": "Z3O0J2DXBE1FTB",
            "id": "vpbprocessed-bucket",
            "lifecycle_rule": [],
            "logging": [],
            "object_lock_configuration": [],
            "object_lock_enabled": false,
            "policy": "",
            "region": "ap-southeast-1",
            "replication_configuration": [],
            "request_payer": "BucketOwner",
            "server_side_encryption_configuration": [
              {
                "rule": [
                  {
                    "apply_server_side_encryption_by_default": [
                      {
                        "kms_master_key_id": "",
                        "sse_algorithm": "AES256"
                      }
                    ],
                    "bucket_key_enabled": false
                  }
                ]
              }
            ],
            "tags": null,
            "tags_all": {},
            "timeouts": null,
            "versioning": [
              {
                "enabled": false,
                "mfa_delete": false
              }
            ],
            "website": [],
            "website_domain": null,
            "website_endpoint": null
          },
          "sensitive_attributes": [],
          "identity_schema_version": 0,
          "private": "eyJlMmJmYjczMC1lY2FhLTExZTYtOGY4OC0zNDM2M2JjN2M0YzAiOnsiY3JlYXRlIjoxMjAwMDAwMDAwMDAwLCJkZWxldGUiOjM2MDAwMDAwMDAwMDAsInJlYWQiOjEyMDAwMDAwMDAwMDAsInVwZGF0ZSI6MTIwMDAwMDAwMDAwMH19"
        }
      ]
    },
    {
      "module": "module.s3",
      "mode": "managed",
      "type": "aws_s3_bucket",
      "name": "raw",
      "provider": "provider[\"registry.terraform.io/hashicorp/aws\"]",
      "instances": [
        {
          "schema_version": 0,
          "attributes": {
            "acceleration_status": "",
            "acl": null,
            "arn": "arn:aws:s3:::vpbraw-bucket",
            "bucket": "vpbraw-bucket",
            "bucket_domain_name": "vpbraw-bucket.s3.amazonaws.com",
            "bucket_prefix": "",
            "bucket_regional_domain_name": "vpbraw-bucket.s3.ap-southeast-1.amazonaws.com",
            "cors_rule": [],
            "force_destroy": false,
            "grant": [
              {
                "id": "0b4c47926ab7141813a37cc85e36a1af70c781d6e53401370905d0b2a69a8635",
                "permissions": [
                  "FULL_CONTROL"
                ],
                "type": "CanonicalUser",
                "uri": ""
              }
            ],
            "hosted_zone_id": "Z3O0J2DXBE1FTB",
            "id": "vpbraw-bucket",
            "lifecycle_rule": [],
            "logging": [],
            "object_lock_configuration": [],
            "object_lock_enabled": false,
            "policy": "",
            "region": "ap-southeast-1",
            "replication_configuration": [],
            "request_payer": "BucketOwner",
            "server_side_encryption_configuration": [
              {
                "rule": [
                  {
                    "apply_server_side_encryption_by_default": [
                      {
                        "kms_master_key_id": "",
                        "sse_algorithm": "AES256"
                      }
                    ],
                    "bucket_key_enabled": false
                  }
                ]
              }
            ],
            "tags": null,
            "tags_all": {},
            "timeouts": null,
            "versioning": [
              {
                "enabled": false,
                "mfa_delete": false
              }
            ],
            "website": [],
            "website_domain": null,
            "website_endpoint": null
          },
          "sensitive_attributes": [],
          "identity_schema_version": 0,
          "private": "eyJlMmJmYjczMC1lY2FhLTExZTYtOGY4OC0zNDM2M2JjN2M0YzAiOnsiY3JlYXRlIjoxMjAwMDAwMDAwMDAwLCJkZWxldGUiOjM2MDAwMDAwMDAwMDAsInJlYWQiOjEyMDAwMDAwMDAwMDAsInVwZGF0ZSI6MTIwMDAwMDAwMDAwMH19"
        }
      ]
    },
    {
      "module": "module.s3",
      "mode": "managed",
      "type": "aws_s3_bucket",
      "name": "report",
      "provider": "provider[\"registry.terraform.io/hashicorp/aws\"]",
      "instances": [
        {
          "schema_version": 0,
          "attributes": {
            "acceleration_status": "",
            "acl": null,
            "arn": "arn:aws:s3:::vpbreport-bucket",
            "bucket": "vpbreport-bucket",
            "bucket_domain_name": "vpbreport-bucket.s3.amazonaws.com",
            "bucket_prefix": "",
            "bucket_regional_domain_name": "vpbreport-bucket.s3.ap-southeast-1.amazonaws.com",
            "cors_rule": [],
            "force_destroy": false,
            "grant": [
              {
                "id": "0b4c47926ab7141813a37cc85e36a1af70c781d6e53401370905d0b2a69a8635",
                "permissions": [
                  "FULL_CONTROL"
                ],
                "type": "CanonicalUser",
                "uri": ""
              }
            ],
            "hosted_zone_id": "Z3O0J2DXBE1FTB",
            "id": "vpbreport-bucket",
            "lifecycle_rule": [],
            "logging": [],
            "object_lock_configuration": [],
            "object_lock_enabled": false,
            "policy": "",
            "region": "ap-southeast-1",
            "replication_configuration": [],
            "request_payer": "BucketOwner",
            "server_side_encryption_configuration": [
              {
                "rule": [
                  {
                    "apply_server_side_encryption_by_default": [
                      {
                        "kms_master_key_id": "",
                        "sse_algorithm": "AES256"
                      }
                    ],
                    "bucket_key_enabled": false
                  }
                ]
              }
            ],
            "tags": null,
            "tags_all": {},
            "timeouts": null,
            "versioning": [
              {
                "enabled": false,
                "mfa_delete": false
              }
            ],
            "website": [],
            "website_domain": null,
            "website_endpoint": null
          },
          "sensitive_attributes": [],
          "identity_schema_version": 0,
          "private": "eyJlMmJmYjczMC1lY2FhLTExZTYtOGY4OC0zNDM2M2JjN2M0YzAiOnsiY3JlYXRlIjoxMjAwMDAwMDAwMDAwLCJkZWxldGUiOjM2MDAwMDAwMDAwMDAsInJlYWQiOjEyMDAwMDAwMDAwMDAsInVwZGF0ZSI6MTIwMDAwMDAwMDAwMH19"
        }
      ]
    },
    {
      "module": "module.s3",
      "mode": "managed",
      "type": "aws_s3_bucket_server_side_encryption_configuration",
      "name": "deployment_package_sse",
      "provider": "provider[\"registry.terraform.io/hashicorp/aws\"]",
      "instances": [
        {
          "schema_version": 0,
          "attributes": {
            "bucket": "vpbdeployment-package-bucket",
            "expected_bucket_owner": "",
            "id": "vpbdeployment-package-bucket",
            "rule": [
              {
                "apply_server_side_encryption_by_default": [
                  {
                    "kms_master_key_id": "",
                    "sse_algorithm": "AES256"
                  }
                ],
                "bucket_key_enabled": null
              }
            ]
          },
          "sensitive_attributes": [],
          "identity_schema_version": 0,
          "private": "bnVsbA==",
          "dependencies": [
            "module.s3.aws_s3_bucket.deployment_package"
          ]
        }
      ]
    },
    {
      "module": "module.s3",
      "mode": "managed",
      "type": "aws_s3_bucket_versioning",
      "name": "deployment_package_versioning",
      "provider": "provider[\"registry.terraform.io/hashicorp/aws\"]",
      "instances": [
        {
          "schema_version": 0,
          "attributes": {
            "bucket": "vpbdeployment-package-bucket",
            "expected_bucket_owner": "",
            "id": "vpbdeployment-package-bucket",
            "mfa": null,
            "versioning_configuration": [
              {
                "mfa_delete": "",
                "status": "Enabled"
              }
            ]
          },
          "sensitive_attributes": [],
          "identity_schema_version": 0,
          "private": "bnVsbA==",
          "dependencies": [
            "module.s3.aws_s3_bucket.deployment_package"
          ]
        }
      ]
    }
  ],
  "check_results": null
}
